# This file is automatically @generated by Poetry 1.8.3 and should not be changed by hand.

[[package]]
name = "black"
version = "22.12.0"
description = "The uncompromising code formatter."
optional = false
python-versions = ">=3.7"
files = [
    {file = "black-22.12.0-cp310-cp310-manylinux_2_17_x86_64.manylinux2014_x86_64.whl", hash = "sha256:9eedd20838bd5d75b80c9f5487dbcb06836a43833a37846cf1d8c1cc01cef59d"},
    {file = "black-22.12.0-cp310-cp310-win_amd64.whl", hash = "sha256:159a46a4947f73387b4d83e87ea006dbb2337eab6c879620a3ba52699b1f4351"},
    {file = "black-22.12.0-cp311-cp311-manylinux_2_17_x86_64.manylinux2014_x86_64.whl", hash = "sha256:d30b212bffeb1e252b31dd269dfae69dd17e06d92b87ad26e23890f3efea366f"},
    {file = "black-22.12.0-cp311-cp311-win_amd64.whl", hash = "sha256:7412e75863aa5c5411886804678b7d083c7c28421210180d67dfd8cf1221e1f4"},
    {file = "black-22.12.0-cp37-cp37m-manylinux_2_17_x86_64.manylinux2014_x86_64.whl", hash = "sha256:c116eed0efb9ff870ded8b62fe9f28dd61ef6e9ddd28d83d7d264a38417dcee2"},
    {file = "black-22.12.0-cp37-cp37m-win_amd64.whl", hash = "sha256:1f58cbe16dfe8c12b7434e50ff889fa479072096d79f0a7f25e4ab8e94cd8350"},
    {file = "black-22.12.0-cp38-cp38-manylinux_2_17_x86_64.manylinux2014_x86_64.whl", hash = "sha256:77d86c9f3db9b1bf6761244bc0b3572a546f5fe37917a044e02f3166d5aafa7d"},
    {file = "black-22.12.0-cp38-cp38-win_amd64.whl", hash = "sha256:82d9fe8fee3401e02e79767016b4907820a7dc28d70d137eb397b92ef3cc5bfc"},
    {file = "black-22.12.0-cp39-cp39-manylinux_2_17_x86_64.manylinux2014_x86_64.whl", hash = "sha256:101c69b23df9b44247bd88e1d7e90154336ac4992502d4197bdac35dd7ee3320"},
    {file = "black-22.12.0-cp39-cp39-win_amd64.whl", hash = "sha256:559c7a1ba9a006226f09e4916060982fd27334ae1998e7a38b3f33a37f7a2148"},
    {file = "black-22.12.0-py3-none-any.whl", hash = "sha256:436cc9167dd28040ad90d3b404aec22cedf24a6e4d7de221bec2730ec0c97bcf"},
    {file = "black-22.12.0.tar.gz", hash = "sha256:229351e5a18ca30f447bf724d007f890f97e13af070bb6ad4c0a441cd7596a2f"},
]

[package.dependencies]
click = ">=8.0.0"
mypy-extensions = ">=0.4.3"
pathspec = ">=0.9.0"
platformdirs = ">=2"
tomli = {version = ">=1.1.0", markers = "python_full_version < \"3.11.0a7\""}
typing-extensions = {version = ">=3.10.0.0", markers = "python_version < \"3.10\""}

[package.extras]
colorama = ["colorama (>=0.4.3)"]
d = ["aiohttp (>=3.7.4)"]
jupyter = ["ipython (>=7.8.0)", "tokenize-rt (>=3.2.0)"]
uvloop = ["uvloop (>=0.15.2)"]

[[package]]
name = "click"
version = "8.1.7"
description = "Composable command line interface toolkit"
optional = false
python-versions = ">=3.7"
files = [
    {file = "click-8.1.7-py3-none-any.whl", hash = "sha256:ae74fb96c20a0277a1d615f1e4d73c8414f5a98db8b799a7931d1582f3390c28"},
    {file = "click-8.1.7.tar.gz", hash = "sha256:ca9853ad459e787e2192211578cc907e7594e294c7ccc834310722b41b9ca6de"},
]

[package.dependencies]
colorama = {version = "*", markers = "platform_system == \"Windows\""}

[[package]]
name = "colorama"
version = "0.4.6"
description = "Cross-platform colored terminal text."
optional = false
python-versions = "!=3.0.*,!=3.1.*,!=3.2.*,!=3.3.*,!=3.4.*,!=3.5.*,!=3.6.*,>=2.7"
files = [
    {file = "colorama-0.4.6-py2.py3-none-any.whl", hash = "sha256:4f1d9991f5acc0ca119f9d443620b77f9d6b33703e51011c16baf57afb285fc6"},
    {file = "colorama-0.4.6.tar.gz", hash = "sha256:08695f5cb7ed6e0531a20572697297273c47b8cae5a63ffc6d6ed5c201be6e44"},
]

[[package]]
name = "exceptiongroup"
version = "1.1.3"
description = "Backport of PEP 654 (exception groups)"
optional = false
python-versions = ">=3.7"
files = [
    {file = "exceptiongroup-1.1.3-py3-none-any.whl", hash = "sha256:343280667a4585d195ca1cf9cef84a4e178c4b6cf2274caef9859782b567d5e3"},
    {file = "exceptiongroup-1.1.3.tar.gz", hash = "sha256:097acd85d473d75af5bb98e41b61ff7fe35efe6675e4f9370ec6ec5126d160e9"},
]

[package.extras]
test = ["pytest (>=6)"]

[[package]]
name = "flake8"
version = "6.1.0"
description = "the modular source code checker: pep8 pyflakes and co"
optional = false
python-versions = ">=3.8.1"
files = [
    {file = "flake8-6.1.0-py2.py3-none-any.whl", hash = "sha256:ffdfce58ea94c6580c77888a86506937f9a1a227dfcd15f245d694ae20a6b6e5"},
    {file = "flake8-6.1.0.tar.gz", hash = "sha256:d5b3857f07c030bdb5bf41c7f53799571d75c4491748a3adcd47de929e34cd23"},
]

[package.dependencies]
mccabe = ">=0.7.0,<0.8.0"
pycodestyle = ">=2.11.0,<2.12.0"
pyflakes = ">=3.1.0,<3.2.0"

[[package]]
name = "iniconfig"
version = "2.0.0"
description = "brain-dead simple config-ini parsing"
optional = false
python-versions = ">=3.7"
files = [
    {file = "iniconfig-2.0.0-py3-none-any.whl", hash = "sha256:b6a85871a79d2e3b22d2d1b94ac2824226a63c6b741c88f7ae975f18b6778374"},
    {file = "iniconfig-2.0.0.tar.gz", hash = "sha256:2d91e135bf72d31a410b17c16da610a82cb55f6b0477d1a902134b24a455b8b3"},
]

[[package]]
name = "mccabe"
version = "0.7.0"
description = "McCabe checker, plugin for flake8"
optional = false
python-versions = ">=3.6"
files = [
    {file = "mccabe-0.7.0-py2.py3-none-any.whl", hash = "sha256:6c2d30ab6be0e4a46919781807b4f0d834ebdd6c6e3dca0bda5a15f863427b6e"},
    {file = "mccabe-0.7.0.tar.gz", hash = "sha256:348e0240c33b60bbdf4e523192ef919f28cb2c3d7d5c7794f74009290f236325"},
]

[[package]]
name = "merlin-transcripts"
version = "0.1.1"
description = "merlin is a Python implementation of Merlin transcripts (https://merlin.cool)"
optional = false
python-versions = ">=3.9,<4.0"
files = [
    {file = "merlin_transcripts-0.1.1-py3-none-any.whl", hash = "sha256:121ff93097000336f87bd8052413513ad0cace6c5a6a4831bd326cf9ad154c5d"},
    {file = "merlin_transcripts-0.1.1.tar.gz", hash = "sha256:ddc4da3cc3c209d6ab62fa8b5e8c3bc60ad86e8b2e9c5f9f687f4320ca33f145"},
]

[[package]]
name = "mypy"
version = "0.982"
description = "Optional static typing for Python"
optional = false
python-versions = ">=3.7"
files = [
    {file = "mypy-0.982-cp310-cp310-macosx_10_9_universal2.whl", hash = "sha256:5085e6f442003fa915aeb0a46d4da58128da69325d8213b4b35cc7054090aed5"},
    {file = "mypy-0.982-cp310-cp310-macosx_10_9_x86_64.whl", hash = "sha256:41fd1cf9bc0e1c19b9af13a6580ccb66c381a5ee2cf63ee5ebab747a4badeba3"},
    {file = "mypy-0.982-cp310-cp310-macosx_11_0_arm64.whl", hash = "sha256:f793e3dd95e166b66d50e7b63e69e58e88643d80a3dcc3bcd81368e0478b089c"},
    {file = "mypy-0.982-cp310-cp310-manylinux_2_17_x86_64.manylinux2014_x86_64.whl", hash = "sha256:86ebe67adf4d021b28c3f547da6aa2cce660b57f0432617af2cca932d4d378a6"},
    {file = "mypy-0.982-cp310-cp310-musllinux_1_1_x86_64.whl", hash = "sha256:175f292f649a3af7082fe36620369ffc4661a71005aa9f8297ea473df5772046"},
    {file = "mypy-0.982-cp310-cp310-win_amd64.whl", hash = "sha256:8ee8c2472e96beb1045e9081de8e92f295b89ac10c4109afdf3a23ad6e644f3e"},
    {file = "mypy-0.982-cp37-cp37m-macosx_10_9_x86_64.whl", hash = "sha256:58f27ebafe726a8e5ccb58d896451dd9a662a511a3188ff6a8a6a919142ecc20"},
    {file = "mypy-0.982-cp37-cp37m-manylinux_2_17_x86_64.manylinux2014_x86_64.whl", hash = "sha256:d6af646bd46f10d53834a8e8983e130e47d8ab2d4b7a97363e35b24e1d588947"},
    {file = "mypy-0.982-cp37-cp37m-musllinux_1_1_x86_64.whl", hash = "sha256:e7aeaa763c7ab86d5b66ff27f68493d672e44c8099af636d433a7f3fa5596d40"},
    {file = "mypy-0.982-cp37-cp37m-win_amd64.whl", hash = "sha256:724d36be56444f569c20a629d1d4ee0cb0ad666078d59bb84f8f887952511ca1"},
    {file = "mypy-0.982-cp38-cp38-macosx_10_9_universal2.whl", hash = "sha256:14d53cdd4cf93765aa747a7399f0961a365bcddf7855d9cef6306fa41de01c24"},
    {file = "mypy-0.982-cp38-cp38-macosx_10_9_x86_64.whl", hash = "sha256:26ae64555d480ad4b32a267d10cab7aec92ff44de35a7cd95b2b7cb8e64ebe3e"},
    {file = "mypy-0.982-cp38-cp38-macosx_11_0_arm64.whl", hash = "sha256:6389af3e204975d6658de4fb8ac16f58c14e1bacc6142fee86d1b5b26aa52bda"},
    {file = "mypy-0.982-cp38-cp38-manylinux_2_17_x86_64.manylinux2014_x86_64.whl", hash = "sha256:7b35ce03a289480d6544aac85fa3674f493f323d80ea7226410ed065cd46f206"},
    {file = "mypy-0.982-cp38-cp38-musllinux_1_1_x86_64.whl", hash = "sha256:c6e564f035d25c99fd2b863e13049744d96bd1947e3d3d2f16f5828864506763"},
    {file = "mypy-0.982-cp38-cp38-win_amd64.whl", hash = "sha256:cebca7fd333f90b61b3ef7f217ff75ce2e287482206ef4a8b18f32b49927b1a2"},
    {file = "mypy-0.982-cp39-cp39-macosx_10_9_universal2.whl", hash = "sha256:a705a93670c8b74769496280d2fe6cd59961506c64f329bb179970ff1d24f9f8"},
    {file = "mypy-0.982-cp39-cp39-macosx_10_9_x86_64.whl", hash = "sha256:75838c649290d83a2b83a88288c1eb60fe7a05b36d46cbea9d22efc790002146"},
    {file = "mypy-0.982-cp39-cp39-macosx_11_0_arm64.whl", hash = "sha256:91781eff1f3f2607519c8b0e8518aad8498af1419e8442d5d0afb108059881fc"},
    {file = "mypy-0.982-cp39-cp39-manylinux_2_17_x86_64.manylinux2014_x86_64.whl", hash = "sha256:eaa97b9ddd1dd9901a22a879491dbb951b5dec75c3b90032e2baa7336777363b"},
    {file = "mypy-0.982-cp39-cp39-musllinux_1_1_x86_64.whl", hash = "sha256:a692a8e7d07abe5f4b2dd32d731812a0175626a90a223d4b58f10f458747dd8a"},
    {file = "mypy-0.982-cp39-cp39-win_amd64.whl", hash = "sha256:eb7a068e503be3543c4bd329c994103874fa543c1727ba5288393c21d912d795"},
    {file = "mypy-0.982-py3-none-any.whl", hash = "sha256:1021c241e8b6e1ca5a47e4d52601274ac078a89845cfde66c6d5f769819ffa1d"},
    {file = "mypy-0.982.tar.gz", hash = "sha256:85f7a343542dc8b1ed0a888cdd34dca56462654ef23aa673907305b260b3d746"},
]

[package.dependencies]
mypy-extensions = ">=0.4.3"
tomli = {version = ">=1.1.0", markers = "python_version < \"3.11\""}
typing-extensions = ">=3.10"

[package.extras]
dmypy = ["psutil (>=4.0)"]
python2 = ["typed-ast (>=1.4.0,<2)"]
reports = ["lxml"]

[[package]]
name = "mypy-extensions"
version = "1.0.0"
description = "Type system extensions for programs checked with the mypy type checker."
optional = false
python-versions = ">=3.5"
files = [
    {file = "mypy_extensions-1.0.0-py3-none-any.whl", hash = "sha256:4392f6c0eb8a5668a69e23d168ffa70f0be9ccfd32b5cc2d26a34ae5b844552d"},
    {file = "mypy_extensions-1.0.0.tar.gz", hash = "sha256:75dbf8955dc00442a438fc4d0666508a9a97b6bd41aa2f0ffe9d2f2725af0782"},
]

[[package]]
name = "packaging"
version = "23.1"
description = "Core utilities for Python packages"
optional = false
python-versions = ">=3.7"
files = [
    {file = "packaging-23.1-py3-none-any.whl", hash = "sha256:994793af429502c4ea2ebf6bf664629d07c1a9fe974af92966e4b8d2df7edc61"},
    {file = "packaging-23.1.tar.gz", hash = "sha256:a392980d2b6cffa644431898be54b0045151319d1e7ec34f0cfed48767dd334f"},
]

[[package]]
name = "pathspec"
version = "0.11.2"
description = "Utility library for gitignore style pattern matching of file paths."
optional = false
python-versions = ">=3.7"
files = [
    {file = "pathspec-0.11.2-py3-none-any.whl", hash = "sha256:1d6ed233af05e679efb96b1851550ea95bbb64b7c490b0f5aa52996c11e92a20"},
    {file = "pathspec-0.11.2.tar.gz", hash = "sha256:e0d8d0ac2f12da61956eb2306b69f9469b42f4deb0f3cb6ed47b9cce9996ced3"},
]

[[package]]
name = "platformdirs"
version = "3.10.0"
description = "A small Python package for determining appropriate platform-specific dirs, e.g. a \"user data dir\"."
optional = false
python-versions = ">=3.7"
files = [
    {file = "platformdirs-3.10.0-py3-none-any.whl", hash = "sha256:d7c24979f292f916dc9cbf8648319032f551ea8c49a4c9bf2fb556a02070ec1d"},
    {file = "platformdirs-3.10.0.tar.gz", hash = "sha256:b45696dab2d7cc691a3226759c0d3b00c47c8b6e293d96f6436f733303f77f6d"},
]

[package.extras]
docs = ["furo (>=2023.7.26)", "proselint (>=0.13)", "sphinx (>=7.1.1)", "sphinx-autodoc-typehints (>=1.24)"]
test = ["appdirs (==1.4.4)", "covdefaults (>=2.3)", "pytest (>=7.4)", "pytest-cov (>=4.1)", "pytest-mock (>=3.11.1)"]

[[package]]
name = "pluggy"
version = "1.2.0"
description = "plugin and hook calling mechanisms for python"
optional = false
python-versions = ">=3.7"
files = [
    {file = "pluggy-1.2.0-py3-none-any.whl", hash = "sha256:c2fd55a7d7a3863cba1a013e4e2414658b1d07b6bc57b3919e0c63c9abb99849"},
    {file = "pluggy-1.2.0.tar.gz", hash = "sha256:d12f0c4b579b15f5e054301bb226ee85eeeba08ffec228092f8defbaa3a4c4b3"},
]

[package.extras]
dev = ["pre-commit", "tox"]
testing = ["pytest", "pytest-benchmark"]

[[package]]
name = "py-arkworks-bls12381"
version = "0.3.5"
description = ""
optional = false
python-versions = ">=3.8"
files = [
    {file = "py_arkworks_bls12381-0.3.5-cp310-cp310-macosx_10_12_x86_64.whl", hash = "sha256:7cbba5125f72873c18995e7de64867ab1320f1e3371465b223ccfcec4238927e"},
    {file = "py_arkworks_bls12381-0.3.5-cp310-cp310-macosx_11_0_arm64.whl", hash = "sha256:96c539c64e2c9de77c63c7c45a87e21950f18b03b494019328bd37442ac63ba7"},
    {file = "py_arkworks_bls12381-0.3.5-cp310-cp310-manylinux_2_17_aarch64.manylinux2014_aarch64.whl", hash = "sha256:f582f1ff020fb2a7831d3eff4c6550535e8a3dd0b660df4140fb4795cef2bf4e"},
    {file = "py_arkworks_bls12381-0.3.5-cp310-cp310-manylinux_2_17_armv7l.manylinux2014_armv7l.whl", hash = "sha256:d91cd7f1d938ecc11c4bb2c4b40efd7998680a49cf582314b383c76a366866c6"},
    {file = "py_arkworks_bls12381-0.3.5-cp310-cp310-manylinux_2_17_i686.manylinux2014_i686.whl", hash = "sha256:5b4888c57083701a587f5ef5c6f8978d6fef584b5b431818bd92a924b4d58e69"},
    {file = "py_arkworks_bls12381-0.3.5-cp310-cp310-manylinux_2_17_ppc64le.manylinux2014_ppc64le.whl", hash = "sha256:d41be5932298099d3d044d206d91ff399ea1a324d70a6d3417473354f0ebafac"},
    {file = "py_arkworks_bls12381-0.3.5-cp310-cp310-manylinux_2_17_s390x.manylinux2014_s390x.whl", hash = "sha256:d3a609db4388e088ebe6b050bfa967f223e90712c000fd047261f2008e93017d"},
    {file = "py_arkworks_bls12381-0.3.5-cp310-cp310-manylinux_2_17_x86_64.manylinux2014_x86_64.whl", hash = "sha256:8e6f453b47c6e15dafbb67d4f239833b07ae5a8dae842e0fb4db4da40669517d"},
    {file = "py_arkworks_bls12381-0.3.5-cp310-none-win32.whl", hash = "sha256:1447e6f4139ce92a1127775c59fbe97164f1e6db60e4433c99d24828803bce62"},
    {file = "py_arkworks_bls12381-0.3.5-cp310-none-win_amd64.whl", hash = "sha256:5c77f3e85568df8ff4ff60a00c5072a83f5d51d74ecaf0198a490bab7b33705f"},
    {file = "py_arkworks_bls12381-0.3.5-cp311-cp311-macosx_10_12_x86_64.whl", hash = "sha256:50796a1242143d20399d302da71896663f84f70cff919a8def56a0d209e796fc"},
    {file = "py_arkworks_bls12381-0.3.5-cp311-cp311-macosx_11_0_arm64.whl", hash = "sha256:a3628db5c4edda5760a9e5c03d8dacb4063628c6d6941176dfa1e2a0235a54f6"},
    {file = "py_arkworks_bls12381-0.3.5-cp311-cp311-manylinux_2_17_aarch64.manylinux2014_aarch64.whl", hash = "sha256:7ec601f218ec36d7c4b13fac46fd795b47972b564b0bdb25f36b219d9a5bd65e"},
    {file = "py_arkworks_bls12381-0.3.5-cp311-cp311-manylinux_2_17_armv7l.manylinux2014_armv7l.whl", hash = "sha256:16955d12ff2fd782b70bc50df841468a9108e9a012d0b4218187dada2fc912db"},
    {file = "py_arkworks_bls12381-0.3.5-cp311-cp311-manylinux_2_17_i686.manylinux2014_i686.whl", hash = "sha256:d1fd4ead90043ddf1bec8f2b3ee66b8db04fc901f375c041c4a8178610700e41"},
    {file = "py_arkworks_bls12381-0.3.5-cp311-cp311-manylinux_2_17_ppc64le.manylinux2014_ppc64le.whl", hash = "sha256:c09fc15275f9d9cc932060c477a94900f6cacf8c8236dfb71602c394d5c1f641"},
    {file = "py_arkworks_bls12381-0.3.5-cp311-cp311-manylinux_2_17_s390x.manylinux2014_s390x.whl", hash = "sha256:ff3dfc62348c5540f926003c3077040bc7a99877d62cb44112ead34aab974580"},
    {file = "py_arkworks_bls12381-0.3.5-cp311-cp311-manylinux_2_17_x86_64.manylinux2014_x86_64.whl", hash = "sha256:b8f2742df0f2ebaad6d683f92d539c3aee356fa11974ba08ca0f32000933563c"},
    {file = "py_arkworks_bls12381-0.3.5-cp311-none-win32.whl", hash = "sha256:fa8a16845f9f3698fb764fcc3632dccde1bf6c1e8e4e8e51b4c17657385e3630"},
    {file = "py_arkworks_bls12381-0.3.5-cp311-none-win_amd64.whl", hash = "sha256:feb070bd7d7dff29ae8e352bd825f56ae626f52e44d828be4af06ab0b2aac1af"},
    {file = "py_arkworks_bls12381-0.3.5-cp312-cp312-macosx_10_12_x86_64.whl", hash = "sha256:fe798079d83fad34edc4a140d930d812564db2ce394021a05ba9756a0fa4252c"},
    {file = "py_arkworks_bls12381-0.3.5-cp312-cp312-macosx_11_0_arm64.whl", hash = "sha256:3f249351d4cf441f247e2dd2ca9488149c4ec874d87c67bb3145e66a436b4207"},
    {file = "py_arkworks_bls12381-0.3.5-cp312-cp312-manylinux_2_17_aarch64.manylinux2014_aarch64.whl", hash = "sha256:4427f15e33cbe6e2b0e3c6075cc8604d03f80725d27c73b4f37778e77a594b1c"},
    {file = "py_arkworks_bls12381-0.3.5-cp312-cp312-manylinux_2_17_i686.manylinux2014_i686.whl", hash = "sha256:e72fa3f1b534c20f8803f8799492df4d6aee4eb5547e3c110426ab8d3c59626b"},
    {file = "py_arkworks_bls12381-0.3.5-cp312-cp312-manylinux_2_17_ppc64le.manylinux2014_ppc64le.whl", hash = "sha256:867825de52aa4aa11a6391fc7439cd0271d14aedecfc1a750f4f31bb54f3af16"},
    {file = "py_arkworks_bls12381-0.3.5-cp312-cp312-manylinux_2_17_s390x.manylinux2014_s390x.whl", hash = "sha256:f4ff88bb2837ad8e8903b1975b41410d83510e281f0e59ece894bf5a135ded84"},
    {file = "py_arkworks_bls12381-0.3.5-cp312-cp312-manylinux_2_17_x86_64.manylinux2014_x86_64.whl", hash = "sha256:afbf811b07ddf3012b1d0ad555e9e0f17184e790bc66ca9e4e9c264abb483fe1"},
    {file = "py_arkworks_bls12381-0.3.5-cp312-none-win32.whl", hash = "sha256:2fa3efd17afe689c4f9f4ef6de4d9985a4137c9bf618bb97e21fdc3eb123be6a"},
    {file = "py_arkworks_bls12381-0.3.5-cp312-none-win_amd64.whl", hash = "sha256:f48dad5756132283da490469119eb006d0ce17137381564ae4276dcd7745fb87"},
    {file = "py_arkworks_bls12381-0.3.5-cp38-cp38-macosx_10_12_x86_64.whl", hash = "sha256:24bf0d16decd89fb6a1caaa79109bff2027d9bb1b4d0037c5a5ba309a1c6e870"},
    {file = "py_arkworks_bls12381-0.3.5-cp38-cp38-macosx_11_0_arm64.whl", hash = "sha256:96b3bd3014364d42eeeb46f2dba5a2e1f1cba40f406e8c096757f0ab0a66bd53"},
    {file = "py_arkworks_bls12381-0.3.5-cp38-cp38-manylinux_2_17_aarch64.manylinux2014_aarch64.whl", hash = "sha256:b28c1b7def58d7dfa87a5ec157d73b6a9c02df9f5c6135ffabeb87555736c5c9"},
    {file = "py_arkworks_bls12381-0.3.5-cp38-cp38-manylinux_2_17_armv7l.manylinux2014_armv7l.whl", hash = "sha256:6f3e169c528090bec8a667580312baa99c6cc6cbe3a3d75438dd9e81b18b6d16"},
    {file = "py_arkworks_bls12381-0.3.5-cp38-cp38-manylinux_2_17_i686.manylinux2014_i686.whl", hash = "sha256:e5d01ec1e358fcbd17373335275a6a010e5846c144597d9bf42740fd7a6eba1e"},
    {file = "py_arkworks_bls12381-0.3.5-cp38-cp38-manylinux_2_17_ppc64le.manylinux2014_ppc64le.whl", hash = "sha256:ea33c7540971efcb950c652748b94a5cd03fdfbf5447b083fb5ea30300d3d7a1"},
    {file = "py_arkworks_bls12381-0.3.5-cp38-cp38-manylinux_2_17_s390x.manylinux2014_s390x.whl", hash = "sha256:26f5cbc7d944c16df71c0042ea9a796de807646792a6975bcc16746b3d6c3515"},
    {file = "py_arkworks_bls12381-0.3.5-cp38-cp38-manylinux_2_17_x86_64.manylinux2014_x86_64.whl", hash = "sha256:8a236f0628f025e3e932fb2748d4b0ab85d4045c33ab44acb0b5b3549ce91162"},
    {file = "py_arkworks_bls12381-0.3.5-cp38-none-win32.whl", hash = "sha256:ed1836a8e953c9c0a6b99a614de3170ab54c6b7c80f4a6a23ffad2224ecbc4dd"},
    {file = "py_arkworks_bls12381-0.3.5-cp38-none-win_amd64.whl", hash = "sha256:4364bc0874d42ad7222d9c0b27bd40eefa4ceeb612ce9fc36109b7efad8c7bf4"},
    {file = "py_arkworks_bls12381-0.3.5-cp39-cp39-macosx_10_12_x86_64.whl", hash = "sha256:d0ebd509ca71c4ab09b7a135de5900378f69a73ae650b4bece2a6c3f6d7c6506"},
    {file = "py_arkworks_bls12381-0.3.5-cp39-cp39-macosx_11_0_arm64.whl", hash = "sha256:886e0971fc4e4e038a070267015308b2d672789d01ed49a36027e59f7440680d"},
    {file = "py_arkworks_bls12381-0.3.5-cp39-cp39-manylinux_2_17_aarch64.manylinux2014_aarch64.whl", hash = "sha256:1aad6f20d0d52b59d345a514153e7013a98227afb05e6609b3bbb801b2113ca9"},
    {file = "py_arkworks_bls12381-0.3.5-cp39-cp39-manylinux_2_17_armv7l.manylinux2014_armv7l.whl", hash = "sha256:8e95eb315f11585554cd1a7bff44d3a1ccb9c72b9d62f091228c09af52a25874"},
    {file = "py_arkworks_bls12381-0.3.5-cp39-cp39-manylinux_2_17_i686.manylinux2014_i686.whl", hash = "sha256:b5fd0ef74017639b090d9a4d4e12db8112e3f1a7ad0203e6dbd7d4c2e97baf00"},
    {file = "py_arkworks_bls12381-0.3.5-cp39-cp39-manylinux_2_17_ppc64le.manylinux2014_ppc64le.whl", hash = "sha256:c0d653fd6642b03ffaa4c64a9d3b7b70c51e0377cb3dfff7cdbc2e1fc2367ebe"},
    {file = "py_arkworks_bls12381-0.3.5-cp39-cp39-manylinux_2_17_s390x.manylinux2014_s390x.whl", hash = "sha256:af025f111b9944d8f5e03d8cfaee71e29575f17d88d0d5830faca0da8dbfdf7f"},
    {file = "py_arkworks_bls12381-0.3.5-cp39-cp39-manylinux_2_17_x86_64.manylinux2014_x86_64.whl", hash = "sha256:63977855bfae9eebe0721fc3e8a460213ae4548f2be221365483862920db9ded"},
    {file = "py_arkworks_bls12381-0.3.5-cp39-none-win32.whl", hash = "sha256:6a31b56d8c1683507d6a585930293d30931ade0da07b08ad158c3aa6abfd0d25"},
    {file = "py_arkworks_bls12381-0.3.5-cp39-none-win_amd64.whl", hash = "sha256:edb56ebf1d2732d796bb9dfe16b00fd3d9d15031603d2b320cda1d53156aaf5d"},
    {file = "py_arkworks_bls12381-0.3.5-pp310-pypy310_pp73-manylinux_2_17_i686.manylinux2014_i686.whl", hash = "sha256:e17f5a4fbbce8a02b971b41699c2de19b66845587a68b0804a1d86d625a9bfb4"},
    {file = "py_arkworks_bls12381-0.3.5-pp310-pypy310_pp73-manylinux_2_17_x86_64.manylinux2014_x86_64.whl", hash = "sha256:b82f749d1f1ba20705b44634b25f0345457d2ae6d4a568cd1ba21ddc3b63b2ad"},
    {file = "py_arkworks_bls12381-0.3.5-pp38-pypy38_pp73-manylinux_2_17_aarch64.manylinux2014_aarch64.whl", hash = "sha256:302d0d73946d0f70699f13577f7e0fac20e5891cc1da335f908fde2923baf957"},
    {file = "py_arkworks_bls12381-0.3.5-pp38-pypy38_pp73-manylinux_2_17_armv7l.manylinux2014_armv7l.whl", hash = "sha256:6d5e81d6c09a09add223ac7f4c56e9ca54de897a3e3320f678205bd6c79df18c"},
    {file = "py_arkworks_bls12381-0.3.5-pp38-pypy38_pp73-manylinux_2_17_ppc64le.manylinux2014_ppc64le.whl", hash = "sha256:f3f0b0c22aa7537b1a4628047da987dab2ebab83f82136e4f9b8552d13f51be7"},
    {file = "py_arkworks_bls12381-0.3.5-pp38-pypy38_pp73-manylinux_2_17_s390x.manylinux2014_s390x.whl", hash = "sha256:2e8fafa592e3abb9a8aed464bbbe09c95ae88a731c508b37aa82bc723400f87e"},
    {file = "py_arkworks_bls12381-0.3.5-pp39-pypy39_pp73-manylinux_2_17_aarch64.manylinux2014_aarch64.whl", hash = "sha256:0a4815d31339c819df392c8380dde5a311a20539a9488d84962d72f12e248c9f"},
    {file = "py_arkworks_bls12381-0.3.5-pp39-pypy39_pp73-manylinux_2_17_armv7l.manylinux2014_armv7l.whl", hash = "sha256:8e4a3633fdbd2672d15642fed56c9eb9eaedb5efbd3e25256b34d08dd24bace9"},
    {file = "py_arkworks_bls12381-0.3.5-pp39-pypy39_pp73-manylinux_2_17_i686.manylinux2014_i686.whl", hash = "sha256:05bec38ef29f4899926f7830dd1410c7ae312fea990ae1f8228a0b90d3f6d4f9"},
    {file = "py_arkworks_bls12381-0.3.5-pp39-pypy39_pp73-manylinux_2_17_ppc64le.manylinux2014_ppc64le.whl", hash = "sha256:2f93e6cdfe0b1fd4531a9e73dae30332d5383aacd4959d42d8cc3838056b32f7"},
    {file = "py_arkworks_bls12381-0.3.5-pp39-pypy39_pp73-manylinux_2_17_s390x.manylinux2014_s390x.whl", hash = "sha256:f40d3dfa4549a08743986e924ce54d2c03d3e113dfa6004de96e642817fcbd70"},
    {file = "py_arkworks_bls12381-0.3.5-pp39-pypy39_pp73-manylinux_2_17_x86_64.manylinux2014_x86_64.whl", hash = "sha256:e9ca12ee72548d4c2727810c629cd0030720a5813f15070105014a5999596c1c"},
    {file = "py_arkworks_bls12381-0.3.5.tar.gz", hash = "sha256:b08c165d775f7990939ba8df774d2094f2d5ac9bff6c3f965e503dc4e626a34e"},
]

[[package]]
name = "pycodestyle"
version = "2.11.0"
description = "Python style guide checker"
optional = false
python-versions = ">=3.8"
files = [
    {file = "pycodestyle-2.11.0-py2.py3-none-any.whl", hash = "sha256:5d1013ba8dc7895b548be5afb05740ca82454fd899971563d2ef625d090326f8"},
    {file = "pycodestyle-2.11.0.tar.gz", hash = "sha256:259bcc17857d8a8b3b4a2327324b79e5f020a13c16074670f9c8c8f872ea76d0"},
]

[[package]]
name = "pyflakes"
version = "3.1.0"
description = "passive checker of Python programs"
optional = false
python-versions = ">=3.8"
files = [
    {file = "pyflakes-3.1.0-py2.py3-none-any.whl", hash = "sha256:4132f6d49cb4dae6819e5379898f2b8cce3c5f23994194c24b77d5da2e36f774"},
    {file = "pyflakes-3.1.0.tar.gz", hash = "sha256:a0aae034c444db0071aa077972ba4768d40c830d9539fd45bf4cd3f8f6992efc"},
]

[[package]]
name = "pytest"
version = "7.4.0"
description = "pytest: simple powerful testing with Python"
optional = false
python-versions = ">=3.7"
files = [
    {file = "pytest-7.4.0-py3-none-any.whl", hash = "sha256:78bf16451a2eb8c7a2ea98e32dc119fd2aa758f1d5d66dbf0a59d69a3969df32"},
    {file = "pytest-7.4.0.tar.gz", hash = "sha256:b4bf8c45bd59934ed84001ad51e11b4ee40d40a1229d2c79f9c592b0a3f6bd8a"},
]

[package.dependencies]
colorama = {version = "*", markers = "sys_platform == \"win32\""}
exceptiongroup = {version = ">=1.0.0rc8", markers = "python_version < \"3.11\""}
iniconfig = "*"
packaging = "*"
pluggy = ">=0.12,<2.0"
tomli = {version = ">=1.0.0", markers = "python_version < \"3.11\""}

[package.extras]
testing = ["argcomplete", "attrs (>=19.2.0)", "hypothesis (>=3.56)", "mock", "nose", "pygments (>=2.7.2)", "requests", "setuptools", "xmlschema"]

[[package]]
name = "tomli"
version = "2.0.1"
description = "A lil' TOML parser"
optional = false
python-versions = ">=3.7"
files = [
    {file = "tomli-2.0.1-py3-none-any.whl", hash = "sha256:939de3e7a6161af0c887ef91b7d41a53e7c5a1ca976325f429cb46ea9bc30ecc"},
    {file = "tomli-2.0.1.tar.gz", hash = "sha256:de526c12914f0c550d15924c62d72abc48d6fe7364aa87328337a31007fe8a4f"},
]

[[package]]
name = "typing-extensions"
version = "4.7.1"
description = "Backported and Experimental Type Hints for Python 3.7+"
optional = false
python-versions = ">=3.7"
files = [
    {file = "typing_extensions-4.7.1-py3-none-any.whl", hash = "sha256:440d5dd3af93b060174bf433bccd69b0babc3b15b1a8dca43789fd7f61514b36"},
    {file = "typing_extensions-4.7.1.tar.gz", hash = "sha256:b75ddc264f0ba5615db7ba217daeb99701ad295353c45f9e95963337ceeeffb2"},
]

[metadata]
lock-version = "2.0"
python-versions = "^3.9"
content-hash = "1240cc6757a0456a70fd5c356bab9781215bdabd5cbe8deb70d60d2c9121898b"
